
Microsoft Visual Studio Solution File, Format Version 12.00
# Visual Studio Version 16
VisualStudioVersion = 16.0.29306.81
MinimumVisualStudioVersion = 10.0.40219.1
Project("{9A19103F-16F7-4668-BE54-9A1E7A4F7556}") = "SP1", "SP1.csproj", "{4B5A28C9-CB9D-481E-AC6E-17ECD9E91FAA}"
EndProject
Global
	GlobalSection(SolutionConfigurationPlatforms) = preSolution
		Debug|Any CPU = Debug|Any CPU
		Release|Any CPU = Release|Any CPU
	EndGlobalSection
	GlobalSection(ProjectConfigurationPlatforms) = postSolution
		{4B5A28C9-CB9D-481E-AC6E-17ECD9E91FAA}.Debug|Any CPU.ActiveCfg = Debug|Any CPU
		{4B5A28C9-CB9D-481E-AC6E-17ECD9E91FAA}.Debug|Any CPU.Build.0 = Debug|Any CPU
		{4B5A28C9-CB9D-481E-AC6E-17ECD9E91FAA}.Release|Any CPU.ActiveCfg = Release|Any CPU
		{4B5A28C9-CB9D-481E-AC6E-17ECD9E91FAA}.Release|Any CPU.Build.0 = Release|Any CPU
	EndGlobalSection
	GlobalSection(SolutionProperties) = preSolution
		HideSolutionNode = FALSE
	EndGlobalSection
	GlobalSection(ExtensibilityGlobals) = postSolution
		SolutionGuid = {5DA878C4-B7F9-4E69-BC7E-8145C532B333}
	EndGlobalSection
EndGlobal
